// !$*UTF8*$!
{
	archiveVersion = 1;
	classes = {
	};
	objectVersion = 46;
	objects = {

/* Begin PBXBuildFile section */
		7CA4D9AA19D78B790048E216 /* AppDelegate.swift in Sources */ = {isa = PBXBuildFile; fileRef = 7CA4D9A919D78B790048E216 /* AppDelegate.swift */; };
		7CA4D9AC19D78B790048E216 /* ViewController.swift in Sources */ = {isa = PBXBuildFile; fileRef = 7CA4D9AB19D78B790048E216 /* ViewController.swift */; };
		7CA4D9AF19D78B790048E216 /* Main.storyboard in Resources */ = {isa = PBXBuildFile; fileRef = 7CA4D9AD19D78B790048E216 /* Main.storyboard */; };
		7CA4D9B119D78B790048E216 /* Images.xcassets in Resources */ = {isa = PBXBuildFile; fileRef = 7CA4D9B019D78B790048E216 /* Images.xcassets */; };
		7CA4D9B419D78B790048E216 /* LaunchScreen.xib in Resources */ = {isa = PBXBuildFile; fileRef = 7CA4D9B219D78B790048E216 /* LaunchScreen.xib */; };
		7CA4D9C019D78B790048E216 /* Thinkful___Unit_3___Lesson_1Tests.swift in Sources */ = {isa = PBXBuildFile; fileRef = 7CA4D9BF19D78B790048E216 /* Thinkful___Unit_3___Lesson_1Tests.swift */; };
/* End PBXBuildFile section */

/* Begin PBXContainerItemProxy section */
		7CA4D9BA19D78B790048E216 /* PBXContainerItemProxy */ = {
			isa = PBXContainerItemProxy;
			containerPortal = 7CA4D99C19D78B790048E216 /* Project object */;
			proxyType = 1;
			remoteGlobalIDString = 7CA4D9A319D78B790048E216;
			remoteInfo = "Thinkful - Unit 3 - Lesson 1";
		};
/* End PBXContainerItemProxy section */

/* Begin PBXFileReference section */
		7CA4D9A419D78B790048E216 /* Thinkful - Unit 3 - Lesson 1.app */ = {isa = PBXFileReference; explicitFileType = wrapper.application; includeInIndex = 0; path = "Thinkful - Unit 3 - Lesson 1.app"; sourceTree = BUILT_PRODUCTS_DIR; };
		7CA4D9A819D78B790048E216 /* Info.plist */ = {isa = PBXFileReference; lastKnownFileType = text.plist.xml; path = Info.plist; sourceTree = "<group>"; };
		7CA4D9A919D78B790048E216 /* AppDelegate.swift */ = {isa = PBXFileReference; lastKnownFileType = sourcecode.swift; path = AppDelegate.swift; sourceTree = "<group>"; };
		7CA4D9AB19D78B790048E216 /* ViewController.swift */ = {isa = PBXFileReference; lastKnownFileType = sourcecode.swift; path = ViewController.swift; sourceTree = "<group>"; };
		7CA4D9AE19D78B790048E216 /* Base */ = {isa = PBXFileReference; lastKnownFileType = file.storyboard; name = Base; path = Base.lproj/Main.storyboard; sourceTree = "<group>"; };
		7CA4D9B019D78B790048E216 /* Images.xcassets */ = {isa = PBXFileReference; lastKnownFileType = folder.assetcatalog; path = Images.xcassets; sourceTree = "<group>"; };
		7CA4D9B319D78B790048E216 /* Base */ = {isa = PBXFileReference; lastKnownFileType = file.xib; name = Base; path = Base.lproj/LaunchScreen.xib; sourceTree = "<group>"; };
		7CA4D9B919D78B790048E216 /* Thinkful - Unit 3 - Lesson 1Tests.xctest */ = {isa = PBXFileReference; explicitFileType = wrapper.cfbundle; includeInIndex = 0; path = "Thinkful - Unit 3 - Lesson 1Tests.xctest"; sourceTree = BUILT_PRODUCTS_DIR; };
		7CA4D9BE19D78B790048E216 /* Info.plist */ = {isa = PBXFileReference; lastKnownFileType = text.plist.xml; path = Info.plist; sourceTree = "<group>"; };
		7CA4D9BF19D78B790048E216 /* Thinkful___Unit_3___Lesson_1Tests.swift */ = {isa = PBXFileReference; lastKnownFileType = sourcecode.swift; path = "Thinkful___Unit_3___Lesson_1Tests.swift"; sourceTree = "<group>"; };
/* End PBXFileReference section */

/* Begin PBXFrameworksBuildPhase section */
		7CA4D9A119D78B790048E216 /* Frameworks */ = {
			isa = PBXFrameworksBuildPhase;
			buildActionMask = 2147483647;
			files = (
			);
			runOnlyForDeploymentPostprocessing = 0;
		};
		7CA4D9B619D78B790048E216 /* Frameworks */ = {
			isa = PBXFrameworksBuildPhase;
			buildActionMask = 2147483647;
			files = (
			);
			runOnlyForDeploymentPostprocessing = 0;
		};
/* End PBXFrameworksBuildPhase section */

/* Begin PBXGroup section */
		7CA4D99B19D78B790048E216 = {
			isa = PBXGroup;
			children = (
				7CA4D9A619D78B790048E216 /* Thinkful - Unit 3 - Lesson 1 */,
				7CA4D9BC19D78B790048E216 /* Thinkful - Unit 3 - Lesson 1Tests */,
				7CA4D9A519D78B790048E216 /* Products */,
			);
			sourceTree = "<group>";
		};
		7CA4D9A519D78B790048E216 /* Products */ = {
			isa = PBXGroup;
			children = (
				7CA4D9A419D78B790048E216 /* Thinkful - Unit 3 - Lesson 1.app */,
				7CA4D9B919D78B790048E216 /* Thinkful - Unit 3 - Lesson 1Tests.xctest */,
			);
			name = Products;
			sourceTree = "<group>";
		};
		7CA4D9A619D78B790048E216 /* Thinkful - Unit 3 - Lesson 1 */ = {
			isa = PBXGroup;
			children = (
				7CA4D9A919D78B790048E216 /* AppDelegate.swift */,
				7CA4D9AB19D78B790048E216 /* ViewController.swift */,
				7CA4D9AD19D78B790048E216 /* Main.storyboard */,
				7CA4D9B019D78B790048E216 /* Images.xcassets */,
				7CA4D9B219D78B790048E216 /* LaunchScreen.xib */,
				7CA4D9A719D78B790048E216 /* Supporting Files */,
			);
			path = "Thinkful - Unit 3 - Lesson 1";
			sourceTree = "<group>";
		};
		7CA4D9A719D78B790048E216 /* Supporting Files */ = {
			isa = PBXGroup;
			children = (
				7CA4D9A819D78B790048E216 /* Info.plist */,
			);
			name = "Supporting Files";
			sourceTree = "<group>";
		};
		7CA4D9BC19D78B790048E216 /* Thinkful - Unit 3 - Lesson 1Tests */ = {
			isa = PBXGroup;
			children = (
				7CA4D9BF19D78B790048E216 /* Thinkful___Unit_3___Lesson_1Tests.swift */,
				7CA4D9BD19D78B790048E216 /* Supporting Files */,
			);
			path = "Thinkful - Unit 3 - Lesson 1Tests";
			sourceTree = "<group>";
		};
		7CA4D9BD19D78B790048E216 /* Supporting Files */ = {
			isa = PBXGroup;
			children = (
				7CA4D9BE19D78B790048E216 /* Info.plist */,
			);
			name = "Supporting Files";
			sourceTree = "<group>";
		};
/* End PBXGroup section */

/* Begin PBXNativeTarget section */
		7CA4D9A319D78B790048E216 /* Thinkful - Unit 3 - Lesson 1 */ = {
			isa = PBXNativeTarget;
			buildConfigurationList = 7CA4D9C319D78B790048E216 /* Build configuration list for PBXNativeTarget "Thinkful - Unit 3 - Lesson 1" */;
			buildPhases = (
				7CA4D9A019D78B790048E216 /* Sources */,
				7CA4D9A119D78B790048E216 /* Frameworks */,
				7CA4D9A219D78B790048E216 /* Resources */,
			);
			buildRules = (
			);
			dependencies = (
			);
			name = "Thinkful - Unit 3 - Lesson 1";
			productName = "Thinkful - Unit 3 - Lesson 1";
			productReference = 7CA4D9A419D78B790048E216 /* Thinkful - Unit 3 - Lesson 1.app */;
			productType = "com.apple.product-type.application";
		};
		7CA4D9B819D78B790048E216 /* Thinkful - Unit 3 - Lesson 1Tests */ = {
			isa = PBXNativeTarget;
			buildConfigurationList = 7CA4D9C619D78B790048E216 /* Build configuration list for PBXNativeTarget "Thinkful - Unit 3 - Lesson 1Tests" */;
			buildPhases = (
				7CA4D9B519D78B790048E216 /* Sources */,
				7CA4D9B619D78B790048E216 /* Frameworks */,
				7CA4D9B719D78B790048E216 /* Resources */,
			);
			buildRules = (
			);
			dependencies = (
				7CA4D9BB19D78B790048E216 /* PBXTargetDependency */,
			);
			name = "Thinkful - Unit 3 - Lesson 1Tests";
			productName = "Thinkful - Unit 3 - Lesson 1Tests";
			productReference = 7CA4D9B919D78B790048E216 /* Thinkful - Unit 3 - Lesson 1Tests.xctest */;
			productType = "com.apple.product-type.bundle.unit-test";
		};
/* End PBXNativeTarget section */

/* Begin PBXProject section */
		7CA4D99C19D78B790048E216 /* Project object */ = {
			isa = PBXProject;
			attributes = {
				LastUpgradeCheck = 0600;
				ORGANIZATIONNAME = Thinkful;
				TargetAttributes = {
					7CA4D9A319D78B790048E216 = {
						CreatedOnToolsVersion = 6.0.1;
					};
					7CA4D9B819D78B790048E216 = {
						CreatedOnToolsVersion = 6.0.1;
						TestTargetID = 7CA4D9A319D78B790048E216;
					};
				};
			};
			buildConfigurationList = 7CA4D99F19D78B790048E216 /* Build configuration list for PBXProject "Thinkful - Unit 3 - Lesson 1" */;
			compatibilityVersion = "Xcode 3.2";
			developmentRegion = English;
			hasScannedForEncodings = 0;
			knownRegions = (
				en,
				Base,
			);
			mainGroup = 7CA4D99B19D78B790048E216;
			productRefGroup = 7CA4D9A519D78B790048E216 /* Products */;
			projectDirPath = "";
			projectRoot = "";
			targets = (
				7CA4D9A319D78B790048E216 /* Thinkful - Unit 3 - Lesson 1 */,
				7CA4D9B819D78B790048E216 /* Thinkful - Unit 3 - Lesson 1Tests */,
			);
		};
/* End PBXProject section */

/* Begin PBXResourcesBuildPhase section */
		7CA4D9A219D78B790048E216 /* Resources */ = {
			isa = PBXResourcesBuildPhase;
			buildActionMask = 2147483647;
			files = (
				7CA4D9AF19D78B790048E216 /* Main.storyboard in Resources */,
				7CA4D9B419D78B790048E216 /* LaunchScreen.xib in Resources */,
				7CA4D9B119D78B790048E216 /* Images.xcassets in Resources */,
			);
			runOnlyForDeploymentPostprocessing = 0;
		};
		7CA4D9B719D78B790048E216 /* Resources */ = {
			isa = PBXResourcesBuildPhase;
			buildActionMask = 2147483647;
			files = (
			);
			runOnlyForDeploymentPostprocessing = 0;
		};
/* End PBXResourcesBuildPhase section */

/* Begin PBXSourcesBuildPhase section */
		7CA4D9A019D78B790048E216 /* Sources */ = {
			isa = PBXSourcesBuildPhase;
			buildActionMask = 2147483647;
			files = (
				7CA4D9AC19D78B790048E216 /* ViewController.swift in Sources */,
				7CA4D9AA19D78B790048E216 /* AppDelegate.swift in Sources */,
			);
			runOnlyForDeploymentPostprocessing = 0;
		};
		7CA4D9B519D78B790048E216 /* Sources */ = {
			isa = PBXSourcesBuildPhase;
			buildActionMask = 2147483647;
			files = (
				7CA4D9C019D78B790048E216 /* Thinkful___Unit_3___Lesson_1Tests.swift in Sources */,
			);
			runOnlyForDeploymentPostprocessing = 0;
		};
/* End PBXSourcesBuildPhase section */

/* Begin PBXTargetDependency section */
		7CA4D9BB19D78B790048E216 /* PBXTargetDependency */ = {
			isa = PBXTargetDependency;
			target = 7CA4D9A319D78B790048E216 /* Thinkful - Unit 3 - Lesson 1 */;
			targetProxy = 7CA4D9BA19D78B790048E216 /* PBXContainerItemProxy */;
		};
/* End PBXTargetDependency section */

/* Begin PBXVariantGroup section */
		7CA4D9AD19D78B790048E216 /* Main.storyboard */ = {
			isa = PBXVariantGroup;
			children = (
				7CA4D9AE19D78B790048E216 /* Base */,
			);
			name = Main.storyboard;
			sourceTree = "<group>";
		};
		7CA4D9B219D78B790048E216 /* LaunchScreen.xib */ = {
			isa = PBXVariantGroup;
			children = (
				7CA4D9B319D78B790048E216 /* Base */,
			);
			name = LaunchScreen.xib;
			sourceTree = "<group>";
		};
/* End PBXVariantGroup section */

/* Begin XCBuildConfiguration section */
		7CA4D9C119D78B790048E216 /* Debug */ = {
			isa = XCBuildConfiguration;
			buildSettings = {
				ALWAYS_SEARCH_USER_PATHS = NO;
				CLANG_CXX_LANGUAGE_STANDARD = "gnu++0x";
				CLANG_CXX_LIBRARY = "libc++";
				CLANG_ENABLE_MODULES = YES;
				CLANG_ENABLE_OBJC_ARC = YES;
				CLANG_WARN_BOOL_CONVERSION = YES;
				CLANG_WARN_CONSTANT_CONVERSION = YES;
				CLANG_WARN_DIRECT_OBJC_ISA_USAGE = YES_ERROR;
				CLANG_WARN_EMPTY_BODY = YES;
				CLANG_WARN_ENUM_CONVERSION = YES;
				CLANG_WARN_INT_CONVERSION = YES;
				CLANG_WARN_OBJC_ROOT_CLASS = YES_ERROR;
				CLANG_WARN_UNREACHABLE_CODE = YES;
				CLANG_WARN__DUPLICATE_METHOD_MATCH = YES;
				"CODE_SIGN_IDENTITY[sdk=iphoneos*]" = "iPhone Developer";
				COPY_PHASE_STRIP = NO;
				ENABLE_STRICT_OBJC_MSGSEND = YES;
				GCC_C_LANGUAGE_STANDARD = gnu99;
				GCC_DYNAMIC_NO_PIC = NO;
				GCC_OPTIMIZATION_LEVEL = 0;
				GCC_PREPROCESSOR_DEFINITIONS = (
					"DEBUG=1",
					"$(inherited)",
				);
				GCC_SYMBOLS_PRIVATE_EXTERN = NO;
				GCC_WARN_64_TO_32_BIT_CONVERSION = YES;
				GCC_WARN_ABOUT_RETURN_TYPE = YES_ERROR;
				GCC_WARN_UNDECLARED_SELECTOR = YES;
				GCC_WARN_UNINITIALIZED_AUTOS = YES_AGGRESSIVE;
				GCC_WARN_UNUSED_FUNCTION = YES;
				GCC_WARN_UNUSED_VARIABLE = YES;
				IPHONEOS_DEPLOYMENT_TARGET = 8.0;
				MTL_ENABLE_DEBUG_INFO = YES;
				ONLY_ACTIVE_ARCH = YES;
				SDKROOT = iphoneos;
				SWIFT_OPTIMIZATION_LEVEL = "-Onone";
			};
			name = Debug;
		};
		7CA4D9C219D78B790048E216 /* Release */ = {
			isa = XCBuildConfiguration;
			buildSettings = {
				ALWAYS_SEARCH_USER_PATHS = NO;
				CLANG_CXX_LANGUAGE_STANDARD = "gnu++0x";
				CLANG_CXX_LIBRARY = "libc++";
				CLANG_ENABLE_MODULES = YES;
				CLANG_ENABLE_OBJC_ARC = YES;
				CLANG_WARN_BOOL_CONVERSION = YES;
				CLANG_WARN_CONSTANT_CONVERSION = YES;
				CLANG_WARN_DIRECT_OBJC_ISA_USAGE = YES_ERROR;
				CLANG_WARN_EMPTY_BODY = YES;
				CLANG_WARN_ENUM_CONVERSION = YES;
				CLANG_WARN_INT_CONVERSION = YES;
				CLANG_WARN_OBJC_ROOT_CLASS = YES_ERROR;
				CLANG_WARN_UNREACHABLE_CODE = YES;
				CLANG_WARN__DUPLICATE_METHOD_MATCH = YES;
				"CODE_SIGN_IDENTITY[sdk=iphoneos*]" = "iPhone Developer";
				COPY_PHASE_STRIP = YES;
				ENABLE_NS_ASSERTIONS = NO;
				ENABLE_STRICT_OBJC_MSGSEND = YES;
				GCC_C_LANGUAGE_STANDARD = gnu99;
				GCC_WARN_64_TO_32_BIT_CONVERSION = YES;
				GCC_WARN_ABOUT_RETURN_TYPE = YES_ERROR;
				GCC_WARN_UNDECLARED_SELECTOR = YES;
				GCC_WARN_UNINITIALIZED_AUTOS = YES_AGGRESSIVE;
				GCC_WARN_UNUSED_FUNCTION = YES;
				GCC_WARN_UNUSED_VARIABLE = YES;
				IPHONEOS_DEPLOYMENT_TARGET = 8.0;
				MTL_ENABLE_DEBUG_INFO = NO;
				SDKROOT = iphoneos;
				VALIDATE_PRODUCT = YES;
			};
			name = Release;
		};
		7CA4D9C419D78B790048E216 /* Debug */ = {
			isa = XCBuildConfiguration;
			buildSettings = {
				ASSETCATALOG_COMPILER_APPICON_NAME = AppIcon;
				INFOPLIST_FILE = "Thinkful - Unit 3 - Lesson 1/Info.plist";
				LD_RUNPATH_SEARCH_PATHS = "$(inherited) @executable_path/Frameworks";
				PRODUCT_NAME = "$(TARGET_NAME)";
			};
			name = Debug;
		};
		7CA4D9C519D78B790048E216 /* Release */ = {
			isa = XCBuildConfiguration;
			buildSettings = {
				ASSETCATALOG_COMPILER_APPICON_NAME = AppIcon;
				INFOPLIST_FILE = "Thinkful - Unit 3 - Lesson 1/Info.plist";
				LD_RUNPATH_SEARCH_PATHS = "$(inherited) @executable_path/Frameworks";
				PRODUCT_NAME = "$(TARGET_NAME)";
			};
			name = Release;
		};
		7CA4D9C719D78B790048E216 /* Debug */ = {
			isa = XCBuildConfiguration;
			buildSettings = {
				BUNDLE_LOADER = "$(TEST_HOST)";
				FRAMEWORK_SEARCH_PATHS = (
					"$(SDKROOT)/Developer/Library/Frameworks",
					"$(inherited)",
				);
				GCC_PREPROCESSOR_DEFINITIONS = (
					"DEBUG=1",
					"$(inherited)",
				);
				INFOPLIST_FILE = "Thinkful - Unit 3 - Lesson 1Tests/Info.plist";
				LD_RUNPATH_SEARCH_PATHS = "$(inherited) @executable_path/Frameworks @loader_path/Frameworks";
				PRODUCT_NAME = "$(TARGET_NAME)";
				TEST_HOST = "$(BUILT_PRODUCTS_DIR)/Thinkful - Unit 3 - Lesson 1.app/Thinkful - Unit 3 - Lesson 1";
			};
			name = Debug;
		};
		7CA4D9C819D78B790048E216 /* Release */ = {
			isa = XCBuildConfiguration;
			buildSettings = {
				BUNDLE_LOADER = "$(TEST_HOST)";
				FRAMEWORK_SEARCH_PATHS = (
					"$(SDKROOT)/Developer/Library/Frameworks",
					"$(inherited)",
				);
				INFOPLIST_FILE = "Thinkful - Unit 3 - Lesson 1Tests/Info.plist";
				LD_RUNPATH_SEARCH_PATHS = "$(inherited) @executable_path/Frameworks @loader_path/Frameworks";
				PRODUCT_NAME = "$(TARGET_NAME)";
				TEST_HOST = "$(BUILT_PRODUCTS_DIR)/Thinkful - Unit 3 - Lesson 1.app/Thinkful - Unit 3 - Lesson 1";
			};
			name = Release;
		};
/* End XCBuildConfiguration section */

/* Begin XCConfigurationList section */
		7CA4D99F19D78B790048E216 /* Build configuration list for PBXProject "Thinkful - Unit 3 - Lesson 1" */ = {
			isa = XCConfigurationList;
			buildConfigurations = (
				7CA4D9C119D78B790048E216 /* Debug */,
				7CA4D9C219D78B790048E216 /* Release */,
			);
			defaultConfigurationIsVisible = 0;
			defaultConfigurationName = Release;
		};
		7CA4D9C319D78B790048E216 /* Build configuration list for PBXNativeTarget "Thinkful - Unit 3 - Lesson 1" */ = {
			isa = XCConfigurationList;
			buildConfigurations = (
				7CA4D9C419D78B790048E216 /* Debug */,
				7CA4D9C519D78B790048E216 /* Release */,
			);
			defaultConfigurationIsVisible = 0;
		};
		7CA4D9C619D78B790048E216 /* Build configuration list for PBXNativeTarget "Thinkful - Unit 3 - Lesson 1Tests" */ = {
			isa = XCConfigurationList;
			buildConfigurations = (
				7CA4D9C719D78B790048E216 /* Debug */,
				7CA4D9C819D78B790048E216 /* Release */,
			);
			defaultConfigurationIsVisible = 0;
		};
/* End XCConfigurationList section */
	};
	rootObject = 7CA4D99C19D78B790048E216 /* Project object */;
}
